
Microsoft Visual Studio Solution File, Format Version 12.00
# Visual Studio 15
Project("{FAE04EC0-301F-11D3-BF4B-00C04F79EFBC}") = "XFMvvmApp.Android", "XFMvvmApp.Android\XFMvvmApp.Android.csproj", "{AEA8C5B9-D58E-4ED9-A15C-8CC12C245F94}"
EndProject
Project("{FAE04EC0-301F-11D3-BF4B-00C04F79EFBC}") = "XFMvvmApp.iOS", "XFMvvmApp.iOS\XFMvvmApp.iOS.csproj", "{3F1B53D3-8E95-4E42-AB1C-51F5DF3A319E}"
EndProject
Project("{FAE04EC0-301F-11D3-BF4B-00C04F79EFBC}") = "XFMvvmApp", "XFMvvmApp\XFMvvmApp.csproj", "{9F1714C2-D4A1-4FCD-A195-D4B2E0FB11D0}"
EndProject
Global
	GlobalSection(SolutionConfigurationPlatforms) = preSolution
		Debug|Any CPU = Debug|Any CPU
		Release|Any CPU = Release|Any CPU
		Debug|iPhoneSimulator = Debug|iPhoneSimulator
		Release|iPhoneSimulator = Release|iPhoneSimulator
		Debug|iPhone = Debug|iPhone
		Release|iPhone = Release|iPhone
	EndGlobalSection
	GlobalSection(ProjectConfigurationPlatforms) = postSolution
		{AEA8C5B9-D58E-4ED9-A15C-8CC12C245F94}.Debug|Any CPU.ActiveCfg = Debug|Any CPU
		{AEA8C5B9-D58E-4ED9-A15C-8CC12C245F94}.Debug|Any CPU.Build.0 = Debug|Any CPU
		{AEA8C5B9-D58E-4ED9-A15C-8CC12C245F94}.Release|Any CPU.ActiveCfg = Release|Any CPU
		{AEA8C5B9-D58E-4ED9-A15C-8CC12C245F94}.Release|Any CPU.Build.0 = Release|Any CPU
		{AEA8C5B9-D58E-4ED9-A15C-8CC12C245F94}.Debug|iPhoneSimulator.ActiveCfg = Debug|Any CPU
		{AEA8C5B9-D58E-4ED9-A15C-8CC12C245F94}.Debug|iPhoneSimulator.Build.0 = Debug|Any CPU
		{AEA8C5B9-D58E-4ED9-A15C-8CC12C245F94}.Release|iPhoneSimulator.ActiveCfg = Release|Any CPU
		{AEA8C5B9-D58E-4ED9-A15C-8CC12C245F94}.Release|iPhoneSimulator.Build.0 = Release|Any CPU
		{AEA8C5B9-D58E-4ED9-A15C-8CC12C245F94}.Debug|iPhone.ActiveCfg = Debug|Any CPU
		{AEA8C5B9-D58E-4ED9-A15C-8CC12C245F94}.Debug|iPhone.Build.0 = Debug|Any CPU
		{AEA8C5B9-D58E-4ED9-A15C-8CC12C245F94}.Release|iPhone.ActiveCfg = Release|Any CPU
		{AEA8C5B9-D58E-4ED9-A15C-8CC12C245F94}.Release|iPhone.Build.0 = Release|Any CPU
		{3F1B53D3-8E95-4E42-AB1C-51F5DF3A319E}.Debug|Any CPU.ActiveCfg = Debug|iPhoneSimulator
		{3F1B53D3-8E95-4E42-AB1C-51F5DF3A319E}.Debug|Any CPU.Build.0 = Debug|iPhoneSimulator
		{3F1B53D3-8E95-4E42-AB1C-51F5DF3A319E}.Release|Any CPU.ActiveCfg = Release|iPhoneSimulator
		{3F1B53D3-8E95-4E42-AB1C-51F5DF3A319E}.Release|Any CPU.Build.0 = Release|iPhoneSimulator
		{3F1B53D3-8E95-4E42-AB1C-51F5DF3A319E}.Debug|iPhoneSimulator.ActiveCfg = Debug|iPhoneSimulator
		{3F1B53D3-8E95-4E42-AB1C-51F5DF3A319E}.Debug|iPhoneSimulator.Build.0 = Debug|iPhoneSimulator
		{3F1B53D3-8E95-4E42-AB1C-51F5DF3A319E}.Release|iPhoneSimulator.ActiveCfg = Release|iPhoneSimulator
		{3F1B53D3-8E95-4E42-AB1C-51F5DF3A319E}.Release|iPhoneSimulator.Build.0 = Release|iPhoneSimulator
		{3F1B53D3-8E95-4E42-AB1C-51F5DF3A319E}.Debug|iPhone.ActiveCfg = Debug|iPhone
		{3F1B53D3-8E95-4E42-AB1C-51F5DF3A319E}.Debug|iPhone.Build.0 = Debug|iPhone
		{3F1B53D3-8E95-4E42-AB1C-51F5DF3A319E}.Release|iPhone.ActiveCfg = Release|iPhone
		{3F1B53D3-8E95-4E42-AB1C-51F5DF3A319E}.Release|iPhone.Build.0 = Release|iPhone
		{9F1714C2-D4A1-4FCD-A195-D4B2E0FB11D0}.Debug|Any CPU.ActiveCfg = Debug|Any CPU
		{9F1714C2-D4A1-4FCD-A195-D4B2E0FB11D0}.Debug|Any CPU.Build.0 = Debug|Any CPU
		{9F1714C2-D4A1-4FCD-A195-D4B2E0FB11D0}.Release|Any CPU.ActiveCfg = Release|Any CPU
		{9F1714C2-D4A1-4FCD-A195-D4B2E0FB11D0}.Release|Any CPU.Build.0 = Release|Any CPU
		{9F1714C2-D4A1-4FCD-A195-D4B2E0FB11D0}.Debug|iPhoneSimulator.ActiveCfg = Debug|Any CPU
		{9F1714C2-D4A1-4FCD-A195-D4B2E0FB11D0}.Debug|iPhoneSimulator.Build.0 = Debug|Any CPU
		{9F1714C2-D4A1-4FCD-A195-D4B2E0FB11D0}.Release|iPhoneSimulator.ActiveCfg = Release|Any CPU
		{9F1714C2-D4A1-4FCD-A195-D4B2E0FB11D0}.Release|iPhoneSimulator.Build.0 = Release|Any CPU
		{9F1714C2-D4A1-4FCD-A195-D4B2E0FB11D0}.Debug|iPhone.ActiveCfg = Debug|Any CPU
		{9F1714C2-D4A1-4FCD-A195-D4B2E0FB11D0}.Debug|iPhone.Build.0 = Debug|Any CPU
		{9F1714C2-D4A1-4FCD-A195-D4B2E0FB11D0}.Release|iPhone.ActiveCfg = Release|Any CPU
		{9F1714C2-D4A1-4FCD-A195-D4B2E0FB11D0}.Release|iPhone.Build.0 = Release|Any CPU
	EndGlobalSection
EndGlobal
